<?xml version="1.0" encoding="utf-8"?>
<Project ToolsVersion="4.0" xmlns="http://schemas.microsoft.com/developer/msbuild/2003">
  <ItemGroup>
    <Filter Include="Source Files">
      <UniqueIdentifier>{4FC737F1-C7A5-4376-A066-2A32D752A2FF}</UniqueIdentifier>
      <Extensions>cpp;c;cc;cxx;def;odl;idl;hpj;bat;asm;asmx</Extensions>
    </Filter>
    <Filter Include="Resource Files">
      <UniqueIdentifier>{67DA6AB6-F800-4c08-8B7A-83BB121AAD01}</UniqueIdentifier>
      <Extensions>rc;ico;cur;bmp;dlg;rc2;rct;bin;rgs;gif;jpg;jpeg;jpe;resx;tiff;tif;png;wav;mfcribbon-ms</Extensions>
    </Filter>
    <Filter Include="EigenRand">
      <UniqueIdentifier>{93995380-89BD-4b04-88EB-625FBE52EBFB}</UniqueIdentifier>
      <Extensions>h;hh;hpp;hxx;hm;inl;inc;ipp;xsd</Extensions>
    </Filter>
    <Filter Include="EigenRand\Dists">
      <UniqueIdentifier>{1470243f-1ac0-48c8-bc2e-406d292e8550}</UniqueIdentifier>
    </Filter>
    <Filter Include="EigenRand\MvDists">
      <UniqueIdentifier>{9aa8288d-cadf-40d0-9665-a7e61ad37e47}</UniqueIdentifier>
    </Filter>
    <Filter Include="EigenRand\arch">
      <UniqueIdentifier>{2dd5c265-07cd-4265-a1c4-fdd2908d029f}</UniqueIdentifier>
    </Filter>
    <Filter Include="EigenRand\arch\SSE">
      <UniqueIdentifier>{316761d9-7742-4fd3-b64d-4ccb959247d2}</UniqueIdentifier>
    </Filter>
    <Filter Include="EigenRand\arch\AVX">
      <UniqueIdentifier>{a01afb4b-04af-4be7-aa91-8670aff6591c}</UniqueIdentifier>
    </Filter>
    <Filter Include="EigenRand\arch\NEON">
      <UniqueIdentifier>{5ba81498-594f-45cf-90f7-230750bfecd4}</UniqueIdentifier>
    </Filter>
  </ItemGroup>
  <ItemGroup>
    <ClInclude Include="EigenRand\MorePacketMath.h">
      <Filter>EigenRand</Filter>
    </ClInclude>
    <ClInclude Include="EigenRand\PacketFilter.h">
      <Filter>EigenRand</Filter>
    </ClInclude>
    <ClInclude Include="EigenRand\PacketRandomEngine.h">
      <Filter>EigenRand</Filter>
    </ClInclude>
    <ClInclude Include="EigenRand\Macro.h">
      <Filter>EigenRand</Filter>
    </ClInclude>
    <ClInclude Include="EigenRand\Core.h">
      <Filter>EigenRand</Filter>
    </ClInclude>
    <ClInclude Include="EigenRand\RandUtils.h">
      <Filter>EigenRand</Filter>
    </ClInclude>
    <ClInclude Include="EigenRand\Dists\Basic.h">
      <Filter>EigenRand\Dists</Filter>
    </ClInclude>
    <ClInclude Include="EigenRand\Dists\Discrete.h">
      <Filter>EigenRand\Dists</Filter>
    </ClInclude>
    <ClInclude Include="EigenRand\Dists\NormalExp.h">
      <Filter>EigenRand\Dists</Filter>
    </ClInclude>
    <ClInclude Include="EigenRand\EigenRand">
      <Filter>EigenRand</Filter>
    </ClInclude>
    <ClInclude Include="EigenRand\Dists\GammaPoisson.h">
      <Filter>EigenRand\Dists</Filter>
    </ClInclude>
    <ClInclude Include="EigenRand\doc.h">
      <Filter>EigenRand</Filter>
    </ClInclude>
    <ClInclude Include="EigenRand\MvDists\Multinomial.h">
      <Filter>EigenRand\MvDists</Filter>
    </ClInclude>
    <ClInclude Include="EigenRand\MvDists\MvNormal.h">
      <Filter>EigenRand\MvDists</Filter>
    </ClInclude>
    <ClInclude Include="EigenRand\arch\SSE\MorePacketMath.h">
      <Filter>EigenRand\arch\SSE</Filter>
    </ClInclude>
    <ClInclude Include="EigenRand\arch\AVX\MorePacketMath.h">
      <Filter>EigenRand\arch\AVX</Filter>
    </ClInclude>
    <ClInclude Include="EigenRand\arch\NEON\MorePacketMath.h">
      <Filter>EigenRand\arch\NEON</Filter>
    </ClInclude>
    <ClInclude Include="EigenRand\arch\AVX\RandUtils.h">
      <Filter>EigenRand\arch\AVX</Filter>
    </ClInclude>
    <ClInclude Include="EigenRand\arch\SSE\RandUtils.h">
      <Filter>EigenRand\arch\SSE</Filter>
    </ClInclude>
    <ClInclude Include="EigenRand\arch\NEON\RandUtils.h">
      <Filter>EigenRand\arch\NEON</Filter>
    </ClInclude>
    <ClInclude Include="EigenRand\arch\AVX\PacketFilter.h">
      <Filter>EigenRand\arch\AVX</Filter>
    </ClInclude>
    <ClInclude Include="EigenRand\arch\SSE\PacketFilter.h">
      <Filter>EigenRand\arch\SSE</Filter>
    </ClInclude>
    <ClInclude Include="EigenRand\arch\NEON\PacketFilter.h">
      <Filter>EigenRand\arch\NEON</Filter>
    </ClInclude>
  </ItemGroup>
  <ItemGroup>
    <None Include="README.md" />
  </ItemGroup>
  <ItemGroup>
    <ClCompile Include="benchmark\benchmark.cpp">
      <Filter>Source Files</Filter>
    </ClCompile>
  </ItemGroup>
</Project>