
Microsoft Visual Studio Solution File, Format Version 12.00
# Visual Studio Version 16
VisualStudioVersion = 16.0.30517.126
MinimumVisualStudioVersion = 10.0.40219.1
Project("{8BC9CEB8-8B4A-11D0-8D11-00A0C91BC942}") = "Benchmark", "Benchmark.vcxproj", "{F45E39EE-2863-4550-8531-31723AD0BC09}"
EndProject
Project("{8BC9CEB8-8B4A-11D0-8D11-00A0C91BC942}") = "Accuracy", "TestAccuracy.vcxproj", "{8A7F8C9A-2E06-4767-8BBA-E1DE1CB341AB}"
EndProject
Project("{8BC9CEB8-8B4A-11D0-8D11-00A0C91BC942}") = "BenchmarkMv", "BenchmarkMv.vcxproj", "{85BACD1D-1D4F-4084-8C6A-5C3AC938FE50}"
EndProject
Project("{8BC9CEB8-8B4A-11D0-8D11-00A0C91BC942}") = "test", "test\test.vcxproj", "{643D8602-FE0D-4EAF-841C-E690EE6E53FD}"
EndProject
Project("{2150E333-8FDC-42A3-9474-1A3956D46DE8}") = "Solution Items", "Solution Items", "{6B99F305-5CCD-424D-85DA-35473EFDAAF3}"
	ProjectSection(SolutionItems) = preProject
		CMakeLists.txt = CMakeLists.txt
	EndProjectSection
EndProject
Global
	GlobalSection(SolutionConfigurationPlatforms) = preSolution
		Debug|ARM64 = Debug|ARM64
		Debug|x64 = Debug|x64
		Debug|x86 = Debug|x86
		RelAVX|ARM64 = RelAVX|ARM64
		RelAVX|x64 = RelAVX|x64
		RelAVX|x86 = RelAVX|x86
		RelAVX2|ARM64 = RelAVX2|ARM64
		RelAVX2|x64 = RelAVX2|x64
		RelAVX2|x86 = RelAVX2|x86
		RelNoVect|ARM64 = RelNoVect|ARM64
		RelNoVect|x64 = RelNoVect|x64
		RelNoVect|x86 = RelNoVect|x86
		RelSSE2|ARM64 = RelSSE2|ARM64
		RelSSE2|x64 = RelSSE2|x64
		RelSSE2|x86 = RelSSE2|x86
	EndGlobalSection
	GlobalSection(ProjectConfigurationPlatforms) = postSolution
		{F45E39EE-2863-4550-8531-31723AD0BC09}.Debug|ARM64.ActiveCfg = Debug|ARM64
		{F45E39EE-2863-4550-8531-31723AD0BC09}.Debug|ARM64.Build.0 = Debug|ARM64
		{F45E39EE-2863-4550-8531-31723AD0BC09}.Debug|x64.ActiveCfg = Debug|x64
		{F45E39EE-2863-4550-8531-31723AD0BC09}.Debug|x64.Build.0 = Debug|x64
		{F45E39EE-2863-4550-8531-31723AD0BC09}.Debug|x86.ActiveCfg = Debug|Win32
		{F45E39EE-2863-4550-8531-31723AD0BC09}.Debug|x86.Build.0 = Debug|Win32
		{F45E39EE-2863-4550-8531-31723AD0BC09}.RelAVX|ARM64.ActiveCfg = RelAVX|ARM64
		{F45E39EE-2863-4550-8531-31723AD0BC09}.RelAVX|ARM64.Build.0 = RelAVX|ARM64
		{F45E39EE-2863-4550-8531-31723AD0BC09}.RelAVX|x64.ActiveCfg = RelAVX|x64
		{F45E39EE-2863-4550-8531-31723AD0BC09}.RelAVX|x64.Build.0 = RelAVX|x64
		{F45E39EE-2863-4550-8531-31723AD0BC09}.RelAVX|x86.ActiveCfg = RelAVX|Win32
		{F45E39EE-2863-4550-8531-31723AD0BC09}.RelAVX|x86.Build.0 = RelAVX|Win32
		{F45E39EE-2863-4550-8531-31723AD0BC09}.RelAVX2|ARM64.ActiveCfg = RelAVX2|ARM64
		{F45E39EE-2863-4550-8531-31723AD0BC09}.RelAVX2|ARM64.Build.0 = RelAVX2|ARM64
		{F45E39EE-2863-4550-8531-31723AD0BC09}.RelAVX2|x64.ActiveCfg = RelAVX2|x64
		{F45E39EE-2863-4550-8531-31723AD0BC09}.RelAVX2|x64.Build.0 = RelAVX2|x64
		{F45E39EE-2863-4550-8531-31723AD0BC09}.RelAVX2|x86.ActiveCfg = RelAVX2|Win32
		{F45E39EE-2863-4550-8531-31723AD0BC09}.RelAVX2|x86.Build.0 = RelAVX2|Win32
		{F45E39EE-2863-4550-8531-31723AD0BC09}.RelNoVect|ARM64.ActiveCfg = RelNoVect|ARM64
		{F45E39EE-2863-4550-8531-31723AD0BC09}.RelNoVect|ARM64.Build.0 = RelNoVect|ARM64
		{F45E39EE-2863-4550-8531-31723AD0BC09}.RelNoVect|x64.ActiveCfg = RelNoVect|x64
		{F45E39EE-2863-4550-8531-31723AD0BC09}.RelNoVect|x64.Build.0 = RelNoVect|x64
		{F45E39EE-2863-4550-8531-31723AD0BC09}.RelNoVect|x86.ActiveCfg = RelNoVect|Win32
		{F45E39EE-2863-4550-8531-31723AD0BC09}.RelNoVect|x86.Build.0 = RelNoVect|Win32
		{F45E39EE-2863-4550-8531-31723AD0BC09}.RelSSE2|ARM64.ActiveCfg = RelSSE2|ARM64
		{F45E39EE-2863-4550-8531-31723AD0BC09}.RelSSE2|ARM64.Build.0 = RelSSE2|ARM64
		{F45E39EE-2863-4550-8531-31723AD0BC09}.RelSSE2|x64.ActiveCfg = RelSSE2|x64
		{F45E39EE-2863-4550-8531-31723AD0BC09}.RelSSE2|x64.Build.0 = RelSSE2|x64
		{F45E39EE-2863-4550-8531-31723AD0BC09}.RelSSE2|x86.ActiveCfg = RelSSE2|Win32
		{F45E39EE-2863-4550-8531-31723AD0BC09}.RelSSE2|x86.Build.0 = RelSSE2|Win32
		{8A7F8C9A-2E06-4767-8BBA-E1DE1CB341AB}.Debug|ARM64.ActiveCfg = Debug|ARM64
		{8A7F8C9A-2E06-4767-8BBA-E1DE1CB341AB}.Debug|ARM64.Build.0 = Debug|ARM64
		{8A7F8C9A-2E06-4767-8BBA-E1DE1CB341AB}.Debug|x64.ActiveCfg = Debug|x64
		{8A7F8C9A-2E06-4767-8BBA-E1DE1CB341AB}.Debug|x64.Build.0 = Debug|x64
		{8A7F8C9A-2E06-4767-8BBA-E1DE1CB341AB}.Debug|x86.ActiveCfg = Debug|Win32
		{8A7F8C9A-2E06-4767-8BBA-E1DE1CB341AB}.Debug|x86.Build.0 = Debug|Win32
		{8A7F8C9A-2E06-4767-8BBA-E1DE1CB341AB}.RelAVX|ARM64.ActiveCfg = RelAVX|ARM64
		{8A7F8C9A-2E06-4767-8BBA-E1DE1CB341AB}.RelAVX|ARM64.Build.0 = RelAVX|ARM64
		{8A7F8C9A-2E06-4767-8BBA-E1DE1CB341AB}.RelAVX|x64.ActiveCfg = RelAVX|x64
		{8A7F8C9A-2E06-4767-8BBA-E1DE1CB341AB}.RelAVX|x64.Build.0 = RelAVX|x64
		{8A7F8C9A-2E06-4767-8BBA-E1DE1CB341AB}.RelAVX|x86.ActiveCfg = RelAVX|Win32
		{8A7F8C9A-2E06-4767-8BBA-E1DE1CB341AB}.RelAVX|x86.Build.0 = RelAVX|Win32
		{8A7F8C9A-2E06-4767-8BBA-E1DE1CB341AB}.RelAVX2|ARM64.ActiveCfg = RelAVX2|ARM64
		{8A7F8C9A-2E06-4767-8BBA-E1DE1CB341AB}.RelAVX2|ARM64.Build.0 = RelAVX2|ARM64
		{8A7F8C9A-2E06-4767-8BBA-E1DE1CB341AB}.RelAVX2|x64.ActiveCfg = RelAVX2|x64
		{8A7F8C9A-2E06-4767-8BBA-E1DE1CB341AB}.RelAVX2|x64.Build.0 = RelAVX2|x64
		{8A7F8C9A-2E06-4767-8BBA-E1DE1CB341AB}.RelAVX2|x86.ActiveCfg = RelAVX2|Win32
		{8A7F8C9A-2E06-4767-8BBA-E1DE1CB341AB}.RelAVX2|x86.Build.0 = RelAVX2|Win32
		{8A7F8C9A-2E06-4767-8BBA-E1DE1CB341AB}.RelNoVect|ARM64.ActiveCfg = RelNoVect|ARM64
		{8A7F8C9A-2E06-4767-8BBA-E1DE1CB341AB}.RelNoVect|ARM64.Build.0 = RelNoVect|ARM64
		{8A7F8C9A-2E06-4767-8BBA-E1DE1CB341AB}.RelNoVect|x64.ActiveCfg = RelNoVect|x64
		{8A7F8C9A-2E06-4767-8BBA-E1DE1CB341AB}.RelNoVect|x64.Build.0 = RelNoVect|x64
		{8A7F8C9A-2E06-4767-8BBA-E1DE1CB341AB}.RelNoVect|x86.ActiveCfg = RelNoVect|Win32
		{8A7F8C9A-2E06-4767-8BBA-E1DE1CB341AB}.RelNoVect|x86.Build.0 = RelNoVect|Win32
		{8A7F8C9A-2E06-4767-8BBA-E1DE1CB341AB}.RelSSE2|ARM64.ActiveCfg = RelSSE2|ARM64
		{8A7F8C9A-2E06-4767-8BBA-E1DE1CB341AB}.RelSSE2|ARM64.Build.0 = RelSSE2|ARM64
		{8A7F8C9A-2E06-4767-8BBA-E1DE1CB341AB}.RelSSE2|x64.ActiveCfg = RelSSE2|x64
		{8A7F8C9A-2E06-4767-8BBA-E1DE1CB341AB}.RelSSE2|x64.Build.0 = RelSSE2|x64
		{8A7F8C9A-2E06-4767-8BBA-E1DE1CB341AB}.RelSSE2|x86.ActiveCfg = RelSSE2|Win32
		{8A7F8C9A-2E06-4767-8BBA-E1DE1CB341AB}.RelSSE2|x86.Build.0 = RelSSE2|Win32
		{85BACD1D-1D4F-4084-8C6A-5C3AC938FE50}.Debug|ARM64.ActiveCfg = Debug|ARM64
		{85BACD1D-1D4F-4084-8C6A-5C3AC938FE50}.Debug|ARM64.Build.0 = Debug|ARM64
		{85BACD1D-1D4F-4084-8C6A-5C3AC938FE50}.Debug|x64.ActiveCfg = Debug|x64
		{85BACD1D-1D4F-4084-8C6A-5C3AC938FE50}.Debug|x64.Build.0 = Debug|x64
		{85BACD1D-1D4F-4084-8C6A-5C3AC938FE50}.Debug|x86.ActiveCfg = Debug|Win32
		{85BACD1D-1D4F-4084-8C6A-5C3AC938FE50}.Debug|x86.Build.0 = Debug|Win32
		{85BACD1D-1D4F-4084-8C6A-5C3AC938FE50}.RelAVX|ARM64.ActiveCfg = RelAVX|ARM64
		{85BACD1D-1D4F-4084-8C6A-5C3AC938FE50}.RelAVX|ARM64.Build.0 = RelAVX|ARM64
		{85BACD1D-1D4F-4084-8C6A-5C3AC938FE50}.RelAVX|x64.ActiveCfg = RelAVX|x64
		{85BACD1D-1D4F-4084-8C6A-5C3AC938FE50}.RelAVX|x64.Build.0 = RelAVX|x64
		{85BACD1D-1D4F-4084-8C6A-5C3AC938FE50}.RelAVX|x86.ActiveCfg = RelAVX|Win32
		{85BACD1D-1D4F-4084-8C6A-5C3AC938FE50}.RelAVX|x86.Build.0 = RelAVX|Win32
		{85BACD1D-1D4F-4084-8C6A-5C3AC938FE50}.RelAVX2|ARM64.ActiveCfg = RelAVX2|ARM64
		{85BACD1D-1D4F-4084-8C6A-5C3AC938FE50}.RelAVX2|ARM64.Build.0 = RelAVX2|ARM64
		{85BACD1D-1D4F-4084-8C6A-5C3AC938FE50}.RelAVX2|x64.ActiveCfg = RelAVX2|x64
		{85BACD1D-1D4F-4084-8C6A-5C3AC938FE50}.RelAVX2|x64.Build.0 = RelAVX2|x64
		{85BACD1D-1D4F-4084-8C6A-5C3AC938FE50}.RelAVX2|x86.ActiveCfg = RelAVX2|Win32
		{85BACD1D-1D4F-4084-8C6A-5C3AC938FE50}.RelAVX2|x86.Build.0 = RelAVX2|Win32
		{85BACD1D-1D4F-4084-8C6A-5C3AC938FE50}.RelNoVect|ARM64.ActiveCfg = RelNoVect|ARM64
		{85BACD1D-1D4F-4084-8C6A-5C3AC938FE50}.RelNoVect|ARM64.Build.0 = RelNoVect|ARM64
		{85BACD1D-1D4F-4084-8C6A-5C3AC938FE50}.RelNoVect|x64.ActiveCfg = RelNoVect|x64
		{85BACD1D-1D4F-4084-8C6A-5C3AC938FE50}.RelNoVect|x64.Build.0 = RelNoVect|x64
		{85BACD1D-1D4F-4084-8C6A-5C3AC938FE50}.RelNoVect|x86.ActiveCfg = RelNoVect|Win32
		{85BACD1D-1D4F-4084-8C6A-5C3AC938FE50}.RelNoVect|x86.Build.0 = RelNoVect|Win32
		{85BACD1D-1D4F-4084-8C6A-5C3AC938FE50}.RelSSE2|ARM64.ActiveCfg = RelSSE2|ARM64
		{85BACD1D-1D4F-4084-8C6A-5C3AC938FE50}.RelSSE2|ARM64.Build.0 = RelSSE2|ARM64
		{85BACD1D-1D4F-4084-8C6A-5C3AC938FE50}.RelSSE2|x64.ActiveCfg = RelSSE2|x64
		{85BACD1D-1D4F-4084-8C6A-5C3AC938FE50}.RelSSE2|x64.Build.0 = RelSSE2|x64
		{85BACD1D-1D4F-4084-8C6A-5C3AC938FE50}.RelSSE2|x86.ActiveCfg = RelSSE2|Win32
		{85BACD1D-1D4F-4084-8C6A-5C3AC938FE50}.RelSSE2|x86.Build.0 = RelSSE2|Win32
		{643D8602-FE0D-4EAF-841C-E690EE6E53FD}.Debug|ARM64.ActiveCfg = Debug|ARM64
		{643D8602-FE0D-4EAF-841C-E690EE6E53FD}.Debug|ARM64.Build.0 = Debug|ARM64
		{643D8602-FE0D-4EAF-841C-E690EE6E53FD}.Debug|x64.ActiveCfg = Debug|x64
		{643D8602-FE0D-4EAF-841C-E690EE6E53FD}.Debug|x64.Build.0 = Debug|x64
		{643D8602-FE0D-4EAF-841C-E690EE6E53FD}.Debug|x86.ActiveCfg = Debug|Win32
		{643D8602-FE0D-4EAF-841C-E690EE6E53FD}.Debug|x86.Build.0 = Debug|Win32
		{643D8602-FE0D-4EAF-841C-E690EE6E53FD}.RelAVX|ARM64.ActiveCfg = RelAVX|ARM64
		{643D8602-FE0D-4EAF-841C-E690EE6E53FD}.RelAVX|ARM64.Build.0 = RelAVX|ARM64
		{643D8602-FE0D-4EAF-841C-E690EE6E53FD}.RelAVX|x64.ActiveCfg = RelAVX|x64
		{643D8602-FE0D-4EAF-841C-E690EE6E53FD}.RelAVX|x64.Build.0 = RelAVX|x64
		{643D8602-FE0D-4EAF-841C-E690EE6E53FD}.RelAVX|x86.ActiveCfg = RelSSE2|Win32
		{643D8602-FE0D-4EAF-841C-E690EE6E53FD}.RelAVX|x86.Build.0 = RelSSE2|Win32
		{643D8602-FE0D-4EAF-841C-E690EE6E53FD}.RelAVX2|ARM64.ActiveCfg = RelAVX2|ARM64
		{643D8602-FE0D-4EAF-841C-E690EE6E53FD}.RelAVX2|ARM64.Build.0 = RelAVX2|ARM64
		{643D8602-FE0D-4EAF-841C-E690EE6E53FD}.RelAVX2|x64.ActiveCfg = RelAVX2|x64
		{643D8602-FE0D-4EAF-841C-E690EE6E53FD}.RelAVX2|x64.Build.0 = RelAVX2|x64
		{643D8602-FE0D-4EAF-841C-E690EE6E53FD}.RelAVX2|x86.ActiveCfg = RelSSE2|Win32
		{643D8602-FE0D-4EAF-841C-E690EE6E53FD}.RelAVX2|x86.Build.0 = RelSSE2|Win32
		{643D8602-FE0D-4EAF-841C-E690EE6E53FD}.RelNoVect|ARM64.ActiveCfg = RelAVX|ARM64
		{643D8602-FE0D-4EAF-841C-E690EE6E53FD}.RelNoVect|ARM64.Build.0 = RelAVX|ARM64
		{643D8602-FE0D-4EAF-841C-E690EE6E53FD}.RelNoVect|x64.ActiveCfg = RelNoVect|x64
		{643D8602-FE0D-4EAF-841C-E690EE6E53FD}.RelNoVect|x64.Build.0 = RelNoVect|x64
		{643D8602-FE0D-4EAF-841C-E690EE6E53FD}.RelNoVect|x86.ActiveCfg = RelSSE2|Win32
		{643D8602-FE0D-4EAF-841C-E690EE6E53FD}.RelNoVect|x86.Build.0 = RelSSE2|Win32
		{643D8602-FE0D-4EAF-841C-E690EE6E53FD}.RelSSE2|ARM64.ActiveCfg = RelSSE2|ARM64
		{643D8602-FE0D-4EAF-841C-E690EE6E53FD}.RelSSE2|ARM64.Build.0 = RelSSE2|ARM64
		{643D8602-FE0D-4EAF-841C-E690EE6E53FD}.RelSSE2|x64.ActiveCfg = RelSSE2|x64
		{643D8602-FE0D-4EAF-841C-E690EE6E53FD}.RelSSE2|x64.Build.0 = RelSSE2|x64
		{643D8602-FE0D-4EAF-841C-E690EE6E53FD}.RelSSE2|x86.ActiveCfg = RelSSE2|Win32
		{643D8602-FE0D-4EAF-841C-E690EE6E53FD}.RelSSE2|x86.Build.0 = RelSSE2|Win32
	EndGlobalSection
	GlobalSection(SolutionProperties) = preSolution
		HideSolutionNode = FALSE
	EndGlobalSection
	GlobalSection(ExtensibilityGlobals) = postSolution
		SolutionGuid = {BD0722CD-2ABB-45A9-B069-4600CFD01B26}
	EndGlobalSection
EndGlobal
